
Microsoft Visual Studio Solution File, Format Version 11.00
# Visual Studio 2010
Project("{FAE04EC0-301F-11D3-BF4B-00C04F79EFBC}") = "Relax", "Relax\Relax.csproj", "{1A4F1C49-7214-4650-BA96-C845A80EB804}"
EndProject
Global
	GlobalSection(SolutionConfigurationPlatforms) = preSolution
		Debug|x86 = Debug|x86
		Release|x86 = Release|x86
	EndGlobalSection
	GlobalSection(ProjectConfigurationPlatforms) = postSolution
		{1A4F1C49-7214-4650-BA96-C845A80EB804}.Debug|x86.ActiveCfg = Debug|x86
		{1A4F1C49-7214-4650-BA96-C845A80EB804}.Debug|x86.Build.0 = Debug|x86
		{1A4F1C49-7214-4650-BA96-C845A80EB804}.Release|x86.ActiveCfg = Release|x86
		{1A4F1C49-7214-4650-BA96-C845A80EB804}.Release|x86.Build.0 = Release|x86
	EndGlobalSection
	GlobalSection(SolutionProperties) = preSolution
		HideSolutionNode = FALSE
	EndGlobalSection
EndGlobal
